{
  "version": "3",
  "packages": {
    "specifiers": {
      "jsr:@fluentci/codecov": "jsr:@fluentci/codecov@0.9.0",
      "jsr:@std/assert@^0.217.0": "jsr:@std/assert@0.217.0",
      "jsr:@std/assert@^0.218.2": "jsr:@std/assert@0.218.2",
      "jsr:@std/flags@0.218.2": "jsr:@std/flags@0.218.2",
      "jsr:@std/fmt@0.218.2": "jsr:@std/fmt@0.218.2",
      "jsr:@std/fmt@^0.217.0": "jsr:@std/fmt@0.217.0",
      "jsr:@std/fmt@^0.218.2": "jsr:@std/fmt@0.218.2",
      "jsr:@std/path@0.218.2": "jsr:@std/path@0.218.2",
      "jsr:@std/testing@0.217.0": "jsr:@std/testing@0.217.0",
      "jsr:@std/testing@0.218.2": "jsr:@std/testing@0.218.2",
      "jsr:@tsirysndr/fluent-az-pipelines@0.3": "jsr:@tsirysndr/fluent-az-pipelines@0.3.0",
      "jsr:@tsirysndr/fluent-circleci@0.3": "jsr:@tsirysndr/fluent-circleci@0.3.0",
      "jsr:@tsirysndr/fluent-codepipeline@0.3": "jsr:@tsirysndr/fluent-codepipeline@0.3.0",
      "jsr:@tsirysndr/fluent-gh-actions@0.3": "jsr:@tsirysndr/fluent-gh-actions@0.3.0",
      "jsr:@tsirysndr/fluent-gitlab-ci@0.5": "jsr:@tsirysndr/fluent-gitlab-ci@0.5.0",
      "npm:dayjs": "npm:dayjs@1.11.10",
      "npm:graphql-request@6.1.0": "npm:graphql-request@6.1.0_graphql@16.8.1",
      "npm:graphql@16.8.1": "npm:graphql@16.8.1",
      "npm:lodash@4.17.21": "npm:lodash@4.17.21",
      "npm:node-color-log@11.0.2": "npm:node-color-log@11.0.2",
      "npm:stringify-tree@1.1.1": "npm:stringify-tree@1.1.1",
      "npm:yaml@2.3.1": "npm:yaml@2.3.1",
      "npm:zod@3.22.1": "npm:zod@3.22.1"
    },
    "jsr": {
      "@fluentci/codecov@0.9.0": {
        "integrity": "47d7520d9e166dd3a03ea0f923efa32328018038791215d69e19c294142bc6de",
        "dependencies": [
          "jsr:@std/flags@0.218.2",
          "jsr:@std/fmt@0.218.2",
          "jsr:@std/path@0.218.2",
          "jsr:@std/testing@0.218.2",
          "jsr:@tsirysndr/fluent-az-pipelines@0.3",
          "jsr:@tsirysndr/fluent-circleci@0.3",
          "jsr:@tsirysndr/fluent-codepipeline@0.3",
          "jsr:@tsirysndr/fluent-gh-actions@0.3",
          "jsr:@tsirysndr/fluent-gitlab-ci@0.5",
          "npm:graphql-request@6.1.0",
          "npm:graphql@16.8.1",
          "npm:lodash@4.17.21",
          "npm:node-color-log@11.0.2",
          "npm:stringify-tree@1.1.1"
        ]
      },
      "@std/assert@0.217.0": {
        "integrity": "c98e279362ca6982d5285c3b89517b757c1e3477ee9f14eb2fdf80a45aaa9642",
        "dependencies": [
          "jsr:@std/fmt@^0.217.0"
        ]
      },
      "@std/assert@0.218.2": {
        "integrity": "7f0a5a1a8cf86607cd6c2c030584096e1ffad27fc9271429a8cb48cfbdee5eaf",
        "dependencies": [
          "jsr:@std/fmt@^0.218.2"
        ]
      },
      "@std/flags@0.218.2": {
        "integrity": "0d4e8ac15e7dfede26153c63a6d55d0aad56ae88beb2ede38c14c775dfc5b25e",
        "dependencies": [
          "jsr:@std/assert@^0.218.2"
        ]
      },
      "@std/fmt@0.217.0": {
        "integrity": "cb99f82500b8da20202fedfa8bb94dd0222e81f0494ed9087de20ee3d8a39a8d"
      },
      "@std/fmt@0.218.2": {
        "integrity": "99526449d2505aa758b6cbef81e7dd471d8b28ec0dcb1491d122b284c548788a"
      },
      "@std/path@0.218.2": {
        "integrity": "b568fd923d9e53ad76d17c513e7310bda8e755a3e825e6289a0ce536404e2662",
        "dependencies": [
          "jsr:@std/assert@^0.218.2"
        ]
      },
      "@std/testing@0.217.0": {
        "integrity": "97508b254ca1888d512215288bfb3f192a4e6e84336ba56b189c7862258a058b",
        "dependencies": [
          "jsr:@std/assert@^0.217.0"
        ]
      },
      "@std/testing@0.218.2": {
        "integrity": "49410b23584c924533786e6c117d71486c1daa65f4911fd6cfc95e4edba9de7f",
        "dependencies": [
          "jsr:@std/assert@^0.218.2"
        ]
      },
      "@tsirysndr/fluent-az-pipelines@0.3.0": {
        "integrity": "a2a23089a186b0f04e45daa7a9df98527c54b845842c1ebe3b7f2cf03e5aec0d",
        "dependencies": [
          "jsr:@std/testing@0.217.0",
          "npm:yaml@2.3.1",
          "npm:zod@3.22.1"
        ]
      },
      "@tsirysndr/fluent-circleci@0.3.0": {
        "integrity": "f2ab207d83b7b2a728a6708a51c3ad93cf2d89b08a13460793e3b6c7af8f5dd9",
        "dependencies": [
          "jsr:@std/testing@0.217.0",
          "npm:yaml@2.3.1",
          "npm:zod@3.22.1"
        ]
      },
      "@tsirysndr/fluent-codepipeline@0.3.0": {
        "integrity": "3050df3fed469d6791831a0a83529de77732d14c27f4a1446788de2c740c73df",
        "dependencies": [
          "jsr:@std/testing@0.217.0",
          "npm:yaml@2.3.1",
          "npm:zod@3.22.1"
        ]
      },
      "@tsirysndr/fluent-gh-actions@0.3.0": {
        "integrity": "2eaff18fbe9b25042fbb321d3bec61a34a15f736ec95bd2da214dcd1c3b8d5cd",
        "dependencies": [
          "jsr:@std/testing@0.217.0",
          "npm:yaml@2.3.1",
          "npm:zod@3.22.1"
        ]
      },
      "@tsirysndr/fluent-gitlab-ci@0.5.0": {
        "integrity": "57e7d231375902358d2bd5b63766f8ffb7030157a9e3764d5e0b0fb7533dd3f9",
        "dependencies": [
          "jsr:@std/testing@0.217.0",
          "npm:yaml@2.3.1",
          "npm:zod@3.22.1"
        ]
      }
    },
    "npm": {
      "@graphql-typed-document-node/core@3.2.0_graphql@16.8.1": {
        "integrity": "sha512-mB9oAsNCm9aM3/SOv4YtBMqZbYj10R7dkq8byBqxGY/ncFwhf2oQzMV+LCRlWoDSEBJ3COiR1yeDvMtsoOsuFQ==",
        "dependencies": {
          "graphql": "graphql@16.8.1"
        }
      },
      "@types/lodash.flatten@4.4.9": {
        "integrity": "sha512-JCW9xofpn9oJfFSccpBRF8IrB5guqmcKZIa7J9DnZqLd9wgGYbewaYnjbNw3Fb+St8BHVsnGmmS0A3j99LII3Q==",
        "dependencies": {
          "@types/lodash": "@types/lodash@4.14.202"
        }
      },
      "@types/lodash@4.14.202": {
        "integrity": "sha512-OvlIYQK9tNneDlS0VN54LLd5uiPCBOp7gS5Z0f1mjoJYBrtStzgmJBxONW3U6OZqdtNzZPmn9BS/7WI7BFFcFQ==",
        "dependencies": {}
      },
      "cross-fetch@3.1.8": {
        "integrity": "sha512-cvA+JwZoU0Xq+h6WkMvAUqPEYy92Obet6UdKLfW60qn99ftItKjB5T+BkyWOFWe2pUyfQ+IJHmpOTznqk1M6Kg==",
        "dependencies": {
          "node-fetch": "node-fetch@2.7.0"
        }
      },
      "dayjs@1.11.10": {
        "integrity": "sha512-vjAczensTgRcqDERK0SR2XMwsF/tSvnvlv6VcF2GIhg6Sx4yOIt/irsr1RDJsKiIyBzJDpCoXiWWq28MqH2cnQ==",
        "dependencies": {}
      },
      "graphql-request@6.1.0_graphql@16.8.1": {
        "integrity": "sha512-p+XPfS4q7aIpKVcgmnZKhMNqhltk20hfXtkaIkTfjjmiKMJ5xrt5c743cL03y/K7y1rg3WrIC49xGiEQ4mxdNw==",
        "dependencies": {
          "@graphql-typed-document-node/core": "@graphql-typed-document-node/core@3.2.0_graphql@16.8.1",
          "cross-fetch": "cross-fetch@3.1.8",
          "graphql": "graphql@16.8.1"
        }
      },
      "graphql@16.8.1": {
        "integrity": "sha512-59LZHPdGZVh695Ud9lRzPBVTtlX9ZCV150Er2W43ro37wVof0ctenSaskPPjN7lVTIN8mSZt8PHUNKZuNQUuxw==",
        "dependencies": {}
      },
      "lodash.flatten@4.4.0": {
        "integrity": "sha512-C5N2Z3DgnnKr0LOpv/hKCgKdb7ZZwafIrsesve6lmzvZIRZRGaZ/l6Q8+2W7NaT+ZwO3fFlSCzCzrDCFdJfZ4g==",
        "dependencies": {}
      },
      "lodash@4.17.21": {
        "integrity": "sha512-v2kDEe57lecTulaDIuNTPy3Ry4gLGJ6Z1O3vE1krgXZNrsQ+LFTGHVxVjcXPs17LhbZVGedAJv8XZ1tvj5FvSg==",
        "dependencies": {}
      },
      "node-color-log@11.0.2": {
        "integrity": "sha512-+gD5pQpVpEkEA3He9STku4VL1EO9SaOW3HElumCd3xWorulnfr2053NCSVwPCXrkwI5ihPYucQxSCSOuS1q+Eg==",
        "dependencies": {}
      },
      "node-fetch@2.7.0": {
        "integrity": "sha512-c4FRfUm/dbcWZ7U+1Wq0AwCyFL+3nt2bEw05wfxSz+DWpWsitgmSgYmy2dQdWyKC1694ELPqMs/YzUSNozLt8A==",
        "dependencies": {
          "whatwg-url": "whatwg-url@5.0.0"
        }
      },
      "stringify-tree@1.1.1": {
        "integrity": "sha512-lVfVX+HJ9Gx2NUv0vJTRhqCPYlgzbdR25MF34Md1Bjq6jvJocOLgfHhusYtBSKi/bwpkgLGjtF/dVZlBbA6oZw==",
        "dependencies": {
          "@types/lodash.flatten": "@types/lodash.flatten@4.4.9",
          "lodash.flatten": "lodash.flatten@4.4.0"
        }
      },
      "tr46@0.0.3": {
        "integrity": "sha512-N3WMsuqV66lT30CrXNbEjx4GEwlow3v6rr4mCcv6prnfwhS01rkgyFdjPNBYd9br7LpXV1+Emh01fHnq2Gdgrw==",
        "dependencies": {}
      },
      "webidl-conversions@3.0.1": {
        "integrity": "sha512-2JAn3z8AR6rjK8Sm8orRC0h/bcl/DqL7tRPdGZ4I1CjdF+EaMLmYxBHyXuKL849eucPFhvBoxMsflfOb8kxaeQ==",
        "dependencies": {}
      },
      "whatwg-url@5.0.0": {
        "integrity": "sha512-saE57nupxk6v3HY35+jzBwYa0rKSy0XR8JSxZPwgLr7ys0IBzhGviA1/TUGJLmSVqs8pb9AnvICXEuOHLprYTw==",
        "dependencies": {
          "tr46": "tr46@0.0.3",
          "webidl-conversions": "webidl-conversions@3.0.1"
        }
      },
      "yaml@2.3.1": {
        "integrity": "sha512-2eHWfjaoXgTBC2jNM1LRef62VQa0umtvRiDSk6HSzW7RvS5YtkabJrwYLLEKWBc8a5U2PTSCs+dJjUTJdlHsWQ==",
        "dependencies": {}
      },
      "zod@3.22.1": {
        "integrity": "sha512-+qUhAMl414+Elh+fRNtpU+byrwjDFOS1N7NioLY+tSlcADTx4TkCUua/hxJvxwDXcV4397/nZ420jy4n4+3WUg==",
        "dependencies": {}
      }
    }
  },
  "redirects": {
    "https://deno.land/x/libpkgx/mod.ts": "https://deno.land/x/libpkgx@v0.18/mod.ts"
  },
  "remote": {
    "https://deno.land/std@0.133.0/_deno_unstable.ts": "23a1a36928f1b6d3b0170aaa67de09af12aa998525f608ff7331b9fb364cbde6",
    "https://deno.land/std@0.133.0/_util/assert.ts": "e94f2eb37cebd7f199952e242c77654e43333c1ac4c5c700e929ea3aa5489f74",
    "https://deno.land/std@0.133.0/_util/os.ts": "49b92edea1e82ba295ec946de8ffd956ed123e2948d9bd1d3e901b04e4307617",
    "https://deno.land/std@0.133.0/fs/_util.ts": "0fb24eb4bfebc2c194fb1afdb42b9c3dda12e368f43e8f2321f84fc77d42cb0f",
    "https://deno.land/std@0.133.0/fs/copy.ts": "9248d1492599957af8c693ceb10a432b09f0b0b61c60a4d6aff29b0c7d3a17b3",
    "https://deno.land/std@0.133.0/fs/empty_dir.ts": "7274d87160de34cbed0531e284df383045cf43543bbeadeb97feac598bd8f3c5",
    "https://deno.land/std@0.133.0/fs/ensure_dir.ts": "9dc109c27df4098b9fc12d949612ae5c9c7169507660dcf9ad90631833209d9d",
    "https://deno.land/std@0.133.0/fs/ensure_file.ts": "7d353e64fee3d4d1e7c6b6726a2a5e987ba402c15fb49566309042887349c545",
    "https://deno.land/std@0.133.0/fs/ensure_link.ts": "489e23df9fe3e6636048b5830ddf0f111eb29621eb85719255ad9bd645f3471b",
    "https://deno.land/std@0.133.0/fs/ensure_symlink.ts": "88dc83de1bc90ed883dd458c2d2eae3d5834a4617d12925734836e1f0803b274",
    "https://deno.land/std@0.133.0/fs/eol.ts": "b92f0b88036de507e7e6fbedbe8f666835ea9dcbf5ac85917fa1fadc919f83a5",
    "https://deno.land/std@0.133.0/fs/exists.ts": "cb734d872f8554ea40b8bff77ad33d4143c1187eac621a55bf37781a43c56f6d",
    "https://deno.land/std@0.133.0/fs/expand_glob.ts": "0c10130d67c9b02164b03df8e43c6d6defbf8e395cb69d09e84a8586e6d72ac3",
    "https://deno.land/std@0.133.0/fs/mod.ts": "4dc052c461c171abb5c25f6e0f218ab838a716230930b534ba351745864b7d6d",
    "https://deno.land/std@0.133.0/fs/move.ts": "0573cedcf583f09a9494f2dfccbf67de68a93629942d6b5e6e74a9e45d4e8a2e",
    "https://deno.land/std@0.133.0/fs/walk.ts": "117403ccd21fd322febe56ba06053b1ad5064c802170f19b1ea43214088fe95f",
    "https://deno.land/std@0.133.0/path/_constants.ts": "df1db3ffa6dd6d1252cc9617e5d72165cd2483df90e93833e13580687b6083c3",
    "https://deno.land/std@0.133.0/path/_interface.ts": "ee3b431a336b80cf445441109d089b70d87d5e248f4f90ff906820889ecf8d09",
    "https://deno.land/std@0.133.0/path/_util.ts": "c1e9686d0164e29f7d880b2158971d805b6e0efc3110d0b3e24e4b8af2190d2b",
    "https://deno.land/std@0.133.0/path/common.ts": "bee563630abd2d97f99d83c96c2fa0cca7cee103e8cb4e7699ec4d5db7bd2633",
    "https://deno.land/std@0.133.0/path/glob.ts": "cb5255638de1048973c3e69e420c77dc04f75755524cb3b2e160fe9277d939ee",
    "https://deno.land/std@0.133.0/path/mod.ts": "4275129bb766f0e475ecc5246aa35689eeade419d72a48355203f31802640be7",
    "https://deno.land/std@0.133.0/path/posix.ts": "663e4a6fe30a145f56aa41a22d95114c4c5582d8b57d2d7c9ed27ad2c47636bb",
    "https://deno.land/std@0.133.0/path/separator.ts": "fe1816cb765a8068afb3e8f13ad272351c85cbc739af56dacfc7d93d710fe0f9",
    "https://deno.land/std@0.133.0/path/win32.ts": "e7bdf63e8d9982b4d8a01ef5689425c93310ece950e517476e22af10f41a136e",
    "https://deno.land/std@0.189.0/fmt/colors.ts": "d67e3cd9f472535241a8e410d33423980bec45047e343577554d3356e1f0ef4e",
    "https://deno.land/std@0.189.0/streams/write_all.ts": "aec90152978581ea62d56bb53a5cbf487e6a89c902f87c5969681ffbdf32b998",
    "https://deno.land/std@0.192.0/fmt/colors.ts": "d67e3cd9f472535241a8e410d33423980bec45047e343577554d3356e1f0ef4e",
    "https://deno.land/std@0.196.0/_util/os.ts": "d932f56d41e4f6a6093d56044e29ce637f8dcc43c5a90af43504a889cf1775e3",
    "https://deno.land/std@0.196.0/assert/assert.ts": "9a97dad6d98c238938e7540736b826440ad8c1c1e54430ca4c4e623e585607ee",
    "https://deno.land/std@0.196.0/assert/assertion_error.ts": "4d0bde9b374dfbcbe8ac23f54f567b77024fb67dbb1906a852d67fe050d42f56",
    "https://deno.land/std@0.196.0/bytes/concat.ts": "d26d6f3d7922e6d663dacfcd357563b7bf4a380ce5b9c2bbe0c8586662f25ce2",
    "https://deno.land/std@0.196.0/bytes/copy.ts": "939d89e302a9761dcf1d9c937c7711174ed74c59eef40a1e4569a05c9de88219",
    "https://deno.land/std@0.196.0/console/_data.json": "cf2cc9d039a192b3adbfe64627167c7e6212704c888c25c769fc8f1709e1e1b8",
    "https://deno.land/std@0.196.0/console/_rle.ts": "56668d5c44f964f1b4ff93f21c9896df42d6ee4394e814db52d6d13f5bb247c7",
    "https://deno.land/std@0.196.0/console/unicode_width.ts": "10661c0f2eeab802d16b8b85ed8825bbc573991bbfb6affed32dc1ff994f54f9",
    "https://deno.land/std@0.196.0/crypto/_fnv/fnv32.ts": "e4649dfdefc5c987ed53c3c25db62db771a06d9d1b9c36d2b5cf0853b8e82153",
    "https://deno.land/std@0.196.0/crypto/_fnv/fnv64.ts": "bfa0e4702061fdb490a14e6bf5f9168a22fb022b307c5723499469bfefca555e",
    "https://deno.land/std@0.196.0/crypto/_fnv/mod.ts": "f956a95f58910f223e420340b7404702ecd429603acd4491fa77af84f746040c",
    "https://deno.land/std@0.196.0/crypto/_fnv/util.ts": "accba12bfd80a352e32a872f87df2a195e75561f1b1304a4cb4f5a4648d288f9",
    "https://deno.land/std@0.196.0/crypto/_wasm/lib/deno_std_wasm_crypto.generated.mjs": "85b50eee2e511584698c04f1d84155e57452ea963106fee64987c326e9e5d25d",
    "https://deno.land/std@0.196.0/crypto/_wasm/mod.ts": "973058e70052c98292b567d1c8396dffc28d6dfc6a44f0763032f6fbdf5222f5",
    "https://deno.land/std@0.196.0/crypto/crypto.ts": "731dffeb3054ddca38e6279a6ad718abef0fb6e218639c496d1c208db70e55e4",
    "https://deno.land/std@0.196.0/crypto/keystack.ts": "877ab0f19eb7d37ad6495190d3c3e39f58e9c52e0b6a966f82fd6df67ca55f90",
    "https://deno.land/std@0.196.0/crypto/mod.ts": "ae384519e85eca9aeff4e7111ed153df8f3dbda7b35b70850ed4b3e9c8cec4d5",
    "https://deno.land/std@0.196.0/crypto/timing_safe_equal.ts": "7b0a4d2ef1c17590e0ad6c0cb1776369d2ba80cd99e945005e117851690507fe",
    "https://deno.land/std@0.196.0/crypto/to_hash_string.ts": "6927c768f3e373a1be4a31555a45ccecf7bd413105455cc334ad3f908cfa986f",
    "https://deno.land/std@0.196.0/encoding/base64.ts": "144ae6234c1fbe5b68666c711dc15b1e9ee2aef6d42b3b4345bf9a6c91d70d0d",
    "https://deno.land/std@0.196.0/encoding/base64url.ts": "2ed4ba122b20fedf226c5d337cf22ee2024fa73a8f85d915d442af7e9ce1fae1",
    "https://deno.land/std@0.196.0/encoding/hex.ts": "b4b1a7cb678745b0bf181ed8cf2498c7be00d121a7de244b752fbf9c7d9c48cd",
    "https://deno.land/std@0.196.0/fmt/colors.ts": "a7eecffdf3d1d54db890723b303847b6e0a1ab4b528ba6958b8f2e754cf1b3bc",
    "https://deno.land/std@0.196.0/fs/_util.ts": "fbf57dcdc9f7bc8128d60301eece608246971a7836a3bb1e78da75314f08b978",
    "https://deno.land/std@0.196.0/fs/move.ts": "b4f8f46730b40c32ea3c0bc8eb0fd0e8139249a698883c7b3756424cf19785c9",
    "https://deno.land/std@0.196.0/io/buf_reader.ts": "2bccff0878537ef201c5051fc0db0ce8196388c5ea69d2be6be1900fe48c5f4b",
    "https://deno.land/std@0.196.0/io/buffer.ts": "4d6883daeb2e698579c4064170515683d69f40f3de019bfe46c5cf31e74ae793",
    "https://deno.land/std@0.196.0/io/read_lines.ts": "c526c12a20a9386dc910d500f9cdea43cba974e853397790bd146817a7eef8cc",
    "https://deno.land/std@0.196.0/path/_constants.ts": "e49961f6f4f48039c0dfed3c3f93e963ca3d92791c9d478ac5b43183413136e0",
    "https://deno.land/std@0.196.0/path/_interface.ts": "6471159dfbbc357e03882c2266d21ef9afdb1e4aa771b0545e90db58a0ba314b",
    "https://deno.land/std@0.196.0/path/_util.ts": "d7abb1e0dea065f427b89156e28cdeb32b045870acdf865833ba808a73b576d0",
    "https://deno.land/std@0.196.0/path/common.ts": "ee7505ab01fd22de3963b64e46cff31f40de34f9f8de1fff6a1bd2fe79380000",
    "https://deno.land/std@0.196.0/path/glob.ts": "d479e0a695621c94d3fd7fe7abd4f9499caf32a8de13f25073451c6ef420a4e1",
    "https://deno.land/std@0.196.0/path/mod.ts": "f065032a7189404fdac3ad1a1551a9ac84751d2f25c431e101787846c86c79ef",
    "https://deno.land/std@0.196.0/path/posix.ts": "8b7c67ac338714b30c816079303d0285dd24af6b284f7ad63da5b27372a2c94d",
    "https://deno.land/std@0.196.0/path/separator.ts": "0fb679739d0d1d7bf45b68dacfb4ec7563597a902edbaf3c59b50d5bcadd93b1",
    "https://deno.land/std@0.196.0/path/win32.ts": "4fca292f8d116fd6d62f243b8a61bd3d6835a9f0ede762ba5c01afe7c3c0aa12",
    "https://deno.land/std@0.196.0/streams/write_all.ts": "aec90152978581ea62d56bb53a5cbf487e6a89c902f87c5969681ffbdf32b998",
    "https://deno.land/std@0.196.0/yaml/_error.ts": "b59e2c76ce5a47b1b9fa0ff9f96c1dd92ea1e1b17ce4347ece5944a95c3c1a84",
    "https://deno.land/std@0.196.0/yaml/_loader/loader.ts": "47b9592efcb390b58b1903cc471bfdf1fc71a0d2d2b31e37b5cae7d8804c7aed",
    "https://deno.land/std@0.196.0/yaml/_loader/loader_state.ts": "0841870b467169269d7c2dfa75cd288c319bc06f65edd9e42c29e5fced91c7a4",
    "https://deno.land/std@0.196.0/yaml/_mark.ts": "dcd8585dee585e024475e9f3fe27d29740670fb64ebb970388094cad0fc11d5d",
    "https://deno.land/std@0.196.0/yaml/_state.ts": "ef03d55ec235d48dcfbecc0ab3ade90bfae69a61094846e08003421c2cf5cfc6",
    "https://deno.land/std@0.196.0/yaml/_type/binary.ts": "d34d8c8d8ed521e270cfede3401c425b971af4f6c69da1e2cb32b172d42c7da7",
    "https://deno.land/std@0.196.0/yaml/_type/bool.ts": "5bfa75da84343d45347b521ba4e5aeace9fe6f53447405290d53315a3fc20e66",
    "https://deno.land/std@0.196.0/yaml/_type/float.ts": "056bd3cb9c5586238b20517511014fb24b0e36f98f9f6073e12da308b6b9808a",
    "https://deno.land/std@0.196.0/yaml/_type/function.ts": "ff574fe84a750695302864e1c31b93f12d14ada4bde79a5f93197fc33ad17471",
    "https://deno.land/std@0.196.0/yaml/_type/int.ts": "563ad074f0fa7aecf6b6c3d84135bcc95a8269dcc15de878de20ce868fd773fa",
    "https://deno.land/std@0.196.0/yaml/_type/map.ts": "7b105e4ab03a361c61e7e335a0baf4d40f06460b13920e5af3fb2783a1464000",
    "https://deno.land/std@0.196.0/yaml/_type/merge.ts": "8192bf3e4d637f32567917f48bb276043da9cf729cf594e5ec191f7cd229337e",
    "https://deno.land/std@0.196.0/yaml/_type/mod.ts": "060e2b3d38725094b77ea3a3f05fc7e671fced8e67ca18e525be98c4aa8f4bbb",
    "https://deno.land/std@0.196.0/yaml/_type/nil.ts": "606e8f0c44d73117c81abec822f89ef81e40f712258c74f186baa1af659b8887",
    "https://deno.land/std@0.196.0/yaml/_type/omap.ts": "cfe59a294726f5cea705c39a61fd2b08199cf48f4ccd6b040cb550ec0f38d0a1",
    "https://deno.land/std@0.196.0/yaml/_type/pairs.ts": "0032fdfe57558d21696a4f8cf5b5cfd1f698743177080affc18629685c905666",
    "https://deno.land/std@0.196.0/yaml/_type/regexp.ts": "1ce118de15b2da43b4bd8e4395f42d448b731acf3bdaf7c888f40789f9a95f8b",
    "https://deno.land/std@0.196.0/yaml/_type/seq.ts": "95333abeec8a7e4d967b8c8328b269e342a4bbdd2585395549b9c4f58c8533a2",
    "https://deno.land/std@0.196.0/yaml/_type/set.ts": "f28ba44e632ef2a6eb580486fd47a460445eeddbdf1dbc739c3e62486f566092",
    "https://deno.land/std@0.196.0/yaml/_type/str.ts": "a67a3c6e429d95041399e964015511779b1130ea5889fa257c48457bd3446e31",
    "https://deno.land/std@0.196.0/yaml/_type/timestamp.ts": "706ea80a76a73e48efaeb400ace087da1f927647b53ad6f754f4e06d51af087f",
    "https://deno.land/std@0.196.0/yaml/_type/undefined.ts": "94a316ca450597ccbc6750cbd79097ad0d5f3a019797eed3c841a040c29540ba",
    "https://deno.land/std@0.196.0/yaml/_utils.ts": "26b311f0d42a7ce025060bd6320a68b50e52fd24a839581eb31734cd48e20393",
    "https://deno.land/std@0.196.0/yaml/parse.ts": "1fbbda572bf3fff578b6482c0d8b85097a38de3176bf3ab2ca70c25fb0c960ef",
    "https://deno.land/std@0.196.0/yaml/schema.ts": "96908b78dc50c340074b93fc1598d5e7e2fe59103f89ff81e5a49b2dedf77a67",
    "https://deno.land/std@0.196.0/yaml/schema/core.ts": "fa406f18ceedc87a50e28bb90ec7a4c09eebb337f94ef17468349794fa828639",
    "https://deno.land/std@0.196.0/yaml/schema/default.ts": "0047e80ae8a4a93293bc4c557ae8a546aabd46bb7165b9d9b940d57b4d88bde9",
    "https://deno.land/std@0.196.0/yaml/schema/extended.ts": "0784416bf062d20a1626b53c03380e265b3e39b9409afb9f4cb7d659fd71e60d",
    "https://deno.land/std@0.196.0/yaml/schema/failsafe.ts": "d219ab5febc43f770917d8ec37735a4b1ad671149846cbdcade767832b42b92b",
    "https://deno.land/std@0.196.0/yaml/schema/json.ts": "5f41dd7c2f1ad545ef6238633ce9ee3d444dfc5a18101e1768bd5504bf90e5e5",
    "https://deno.land/std@0.196.0/yaml/schema/mod.ts": "4472e827bab5025e92bc2eb2eeefa70ecbefc64b2799b765c69af84822efef32",
    "https://deno.land/std@0.196.0/yaml/type.ts": "1aabb8e0a3f4229ce0a3526256f68826d9bdf65a36c8a3890ead8011fcba7670",
    "https://deno.land/std@0.204.0/assert/assert.ts": "9a97dad6d98c238938e7540736b826440ad8c1c1e54430ca4c4e623e585607ee",
    "https://deno.land/std@0.204.0/assert/assertion_error.ts": "4d0bde9b374dfbcbe8ac23f54f567b77024fb67dbb1906a852d67fe050d42f56",
    "https://deno.land/std@0.204.0/path/_common/assert_path.ts": "061e4d093d4ba5aebceb2c4da3318bfe3289e868570e9d3a8e327d91c2958946",
    "https://deno.land/std@0.204.0/path/_common/constants.ts": "e49961f6f4f48039c0dfed3c3f93e963ca3d92791c9d478ac5b43183413136e0",
    "https://deno.land/std@0.204.0/path/_common/normalize.ts": "2ba7fb4cc9fafb0f38028f434179579ce61d4d9e51296fad22b701c3d3cd7397",
    "https://deno.land/std@0.204.0/path/_common/normalize_string.ts": "88c472f28ae49525f9fe82de8c8816d93442d46a30d6bb5063b07ff8a89ff589",
    "https://deno.land/std@0.204.0/path/_os.ts": "30b0c2875f360c9296dbe6b7f2d528f0f9c741cecad2e97f803f5219e91b40a2",
    "https://deno.land/std@0.204.0/path/join.ts": "98d3d76c819af4a11a81d5ba2dbb319f1ce9d63fc2b615597d4bcfddd4a89a09",
    "https://deno.land/std@0.204.0/path/posix/_util.ts": "ecf49560fedd7dd376c6156cc5565cad97c1abe9824f4417adebc7acc36c93e5",
    "https://deno.land/std@0.204.0/path/posix/join.ts": "0c0d84bdc344876930126640011ec1b888e6facf74153ffad9ef26813aa2a076",
    "https://deno.land/std@0.204.0/path/posix/normalize.ts": "11de90a94ab7148cc46e5a288f7d732aade1d616bc8c862f5560fa18ff987b4b",
    "https://deno.land/std@0.204.0/path/windows/_util.ts": "f32b9444554c8863b9b4814025c700492a2b57ff2369d015360970a1b1099d54",
    "https://deno.land/std@0.204.0/path/windows/join.ts": "e6600bf88edeeef4e2276e155b8de1d5dec0435fd526ba2dc4d37986b2882f16",
    "https://deno.land/std@0.204.0/path/windows/normalize.ts": "9deebbf40c81ef540b7b945d4ccd7a6a2c5a5992f791e6d3377043031e164e69",
    "https://deno.land/std@0.212.0/semver/_constants.ts": "90879e4ea94a34c49c8ecea3d9c06e13e61ecb7caca80c8f289139440ca9835a",
    "https://deno.land/std@0.212.0/semver/_shared.ts": "8d44684775cde4a64bd6bdb99b51f3bc59ed65f10af78ca136cc2eab3f6716f1",
    "https://deno.land/std@0.212.0/semver/comparator_format.ts": "96feeab7ffb45df3e7087bf8a84da3401816be5687007e1afd5581dd8043623a",
    "https://deno.land/std@0.212.0/semver/comparator_intersects.ts": "a271f3e1caae857e4b8574f43bc926cf7ba906ade0c2d3bd97fcda98be74fbb0",
    "https://deno.land/std@0.212.0/semver/comparator_max.ts": "2038cded7cce886e2c81926acb97f625908707f2d66864b603493b9674e2bd58",
    "https://deno.land/std@0.212.0/semver/comparator_min.ts": "453d3e449aaee4d59acc9b36fe77eddfcb0c4097ffe7efe11eb2a04a64cc520d",
    "https://deno.land/std@0.212.0/semver/compare.ts": "e507146fd997d33ae5abc2675e8b24a1ea84b50ddc9918cb8ddc1b1911c97011",
    "https://deno.land/std@0.212.0/semver/compare_build.ts": "e37c2d24bc138b3fdaeb55cf85b1c94e7cf9120f16f64dff0e24659f1ba79de6",
    "https://deno.land/std@0.212.0/semver/constants.ts": "a815db7a80bbea2469a1a30cd14aa61d6a58d5c84d44cb0b17febe485563d26c",
    "https://deno.land/std@0.212.0/semver/difference.ts": "be4f01b7745406408a16b708185a48c1c652cc87e0244b12a5ca75c5585db668",
    "https://deno.land/std@0.212.0/semver/eq.ts": "ae97d41e4068e2dbc151a2fce35bdc9815dcd71cc297a54c9623831c8a4737b9",
    "https://deno.land/std@0.212.0/semver/format.ts": "2d0b8690bc0659a5756aa339d0d31385c3783a0bbd7d8d25c210cd6b5e4224f8",
    "https://deno.land/std@0.212.0/semver/format_range.ts": "935425c6594c51220cbc5af88209f9b4452cbc3d86db99fb0c1be0fbb958cab6",
    "https://deno.land/std@0.212.0/semver/gt.ts": "bdbfe1f77c9c61f7f9aaf5ab2871a65c800bc546db124eead512b06f14faecc1",
    "https://deno.land/std@0.212.0/semver/gte.ts": "cf43eafbaa6db6fb9f1b057d81d3a8d2725099e4ee8db824c84a57fb69c8a982",
    "https://deno.land/std@0.212.0/semver/gtr.ts": "196618d1bdee2f1b9125338f36a9b57c637780b5c4ca1d834dfb8a170c152a4c",
    "https://deno.land/std@0.212.0/semver/increment.ts": "427a043be71d6481e45c1a3939b955e800924d70779cb297b872d9cbf9f0e46d",
    "https://deno.land/std@0.212.0/semver/is_comparator.ts": "895e7ecff33d23d7a465074a76b2341eda430f84c4817199f7492c5393e2e54f",
    "https://deno.land/std@0.212.0/semver/is_semver.ts": "57914027d6141e593eb04418aaabbfd6f4562a1c53c6c33a1743fa50ada8d849",
    "https://deno.land/std@0.212.0/semver/is_semver_range.ts": "c65a83c48a623958039628d61e03e3455f87236c4445e43e52afc0c474547ab2",
    "https://deno.land/std@0.212.0/semver/lt.ts": "70fecfbad1dd6b7d42f7589efc81fa039688f15a42bc6b86fb3f0fd1e758ef65",
    "https://deno.land/std@0.212.0/semver/lte.ts": "2b59c8d54eb1ddb76ddc373ae2243532a049585e628b479cfb0bb29268bf04bb",
    "https://deno.land/std@0.212.0/semver/ltr.ts": "9131cd311acd643ad1ea3c815378373409433f2cb0f9efe3cd910bcf50dadda1",
    "https://deno.land/std@0.212.0/semver/max_satisfying.ts": "5440018944e076cc7ad5805896c18132c4f65c6e404a4c72a5a8fcd900a66bb4",
    "https://deno.land/std@0.212.0/semver/min_satisfying.ts": "767d8ba8d15c5f891be050ad22b13070575a35c5e5e28d0397730de07b121906",
    "https://deno.land/std@0.212.0/semver/mod.ts": "ad2c7fea66f690abcce9fa3c9612ad617d577bca73dde0b849ff8727133953fb",
    "https://deno.land/std@0.212.0/semver/neq.ts": "ac2bfcca1a616a1303079fbd1afcf205877ac1e0ca7f2bb3f77595a777bbaef5",
    "https://deno.land/std@0.212.0/semver/outside.ts": "a61fa278c204b3e985b6f49be39f7bcb604d3b3134bcb8b9d507ebf75c64b89a",
    "https://deno.land/std@0.212.0/semver/parse.ts": "2ba215c9aa3c71be753570724cfad75cc81972f0026dc81836ea3d1986112066",
    "https://deno.land/std@0.212.0/semver/parse_comparator.ts": "0dca4bee9695ae30a7f0c4829b0b1b8c287f1b40fdb513e38527343bc331e375",
    "https://deno.land/std@0.212.0/semver/parse_range.ts": "3d3f9fc251f4acf7e28781271bd139f436994ad4e4625f30439792af2eab9613",
    "https://deno.land/std@0.212.0/semver/range_format.ts": "a7b447090c5bb47f876ec0511d17bb3eb116ef04e8c990c28ae309abd3f6ddba",
    "https://deno.land/std@0.212.0/semver/range_intersects.ts": "904adb2b2f135f159d4783e1c220af86c77624938b3bc08cd59bfb4b7b0cf047",
    "https://deno.land/std@0.212.0/semver/range_max.ts": "10f354f65a13d4b01be45786a3395c926f2e1dabfeca18d430e315a1c38170eb",
    "https://deno.land/std@0.212.0/semver/range_min.ts": "b2ab6b539981689119ca36bb4d329aed795204f2c246bb9a48c55da19b05d196",
    "https://deno.land/std@0.212.0/semver/reverse_sort.ts": "6e10806559a2b35415188fc984752dfe2f4ac60b3513e879b28c7b964f9c77cb",
    "https://deno.land/std@0.212.0/semver/rsort.ts": "d6dea7ddd078446cd5f75e4d471a4fe006fcc69d05170ce4c27637216bfadb6e",
    "https://deno.land/std@0.212.0/semver/sort.ts": "b97c4f392cf688e27d304dc437b1a4d7278fbf5d2554ad6e51f64db6cc405c09",
    "https://deno.land/std@0.212.0/semver/test_comparator.ts": "24741dd4fda32c7b712d1509894e37f17b7dc6d62d79612d0f29b68aa61e6494",
    "https://deno.land/std@0.212.0/semver/test_range.ts": "43e2f830a5ee6cebe2af98e0125e542111e8513a720819df83e3da3605d192ad",
    "https://deno.land/std@0.212.0/semver/types.ts": "bcc7dbd6c96110db5eac98c56c7d57b6ee9b9e929779467cbc24f934632e9feb",
    "https://deno.land/std@0.52.0/fmt/colors.ts": "ec9d653672a9a3c7b6eafe53c5bc797364a2db2dcf766ab649c1155fea7a80b2",
    "https://deno.land/x/cliffy@v1.0.0-rc.3/_utils/distance.ts": "02af166952c7c358ac83beae397aa2fbca4ad630aecfcd38d92edb1ea429f004",
    "https://deno.land/x/cliffy@v1.0.0-rc.3/ansi/ansi_escapes.ts": "193b3c3a4e520274bd8322ca4cab1c3ce38070bed1898cb2ade12a585dddd7c9",
    "https://deno.land/x/cliffy@v1.0.0-rc.3/ansi/cursor_position.ts": "caa008d29f7a904908bda514f9839bfbb7a93f2d5f5580501675b646d26a87ff",
    "https://deno.land/x/cliffy@v1.0.0-rc.3/ansi/deps.ts": "f48ae5d066684793f4a203524db2a9fd61f514527934b458006f3e57363c0215",
    "https://deno.land/x/cliffy@v1.0.0-rc.3/ansi/tty.ts": "155aacdcb7dc00f3f95352616a2415c622ffb88db51c5934e5d2e8341eab010b",
    "https://deno.land/x/cliffy@v1.0.0-rc.3/command/_argument_types.ts": "ab269dacea2030f865a07c2a1e953ec437a64419a05bad1f1ddaab3f99752ead",
    "https://deno.land/x/cliffy@v1.0.0-rc.3/command/_errors.ts": "12d513ff401020287a344e0830e1297ce1c80c077ecb91e0ac5db44d04a6019c",
    "https://deno.land/x/cliffy@v1.0.0-rc.3/command/_spread.ts": "0cc6eb70a6df97b5d7d26008822d39f3e8a1232ee0a27f395aa19e68de738245",
    "https://deno.land/x/cliffy@v1.0.0-rc.3/command/_type_utils.ts": "820004a59bc858e355b11f80e5b3ff1be2c87e66f31f53f253610170795602f0",
    "https://deno.land/x/cliffy@v1.0.0-rc.3/command/_utils.ts": "3c88ff4f36eba298beb07de08068fdce5e5cb7b9d82c8a319f09596d8279be64",
    "https://deno.land/x/cliffy@v1.0.0-rc.3/command/command.ts": "ae690745759524082776b7f271f66d5b93933170b1b132f888bd4ac12e9fdd7d",
    "https://deno.land/x/cliffy@v1.0.0-rc.3/command/completions/_bash_completions_generator.ts": "0c6cb1df4d378d22f001155781d97a9c3519fd10c48187a198fef2cc63b0f84a",
    "https://deno.land/x/cliffy@v1.0.0-rc.3/command/completions/_fish_completions_generator.ts": "8ba4455f7f76a756e05c3db4ce35332b2951af65a2891f2750b530e06880f495",
    "https://deno.land/x/cliffy@v1.0.0-rc.3/command/completions/_zsh_completions_generator.ts": "c74525feaf570fe8c14433c30d192622c25603f1fc64694ef69f2a218b41f230",
    "https://deno.land/x/cliffy@v1.0.0-rc.3/command/completions/bash.ts": "53fe78994eb2359110dc4fa79235bdd86800a38c1d6b1c4fe673c81756f3a0e2",
    "https://deno.land/x/cliffy@v1.0.0-rc.3/command/completions/complete.ts": "58df61caa5e6220ff2768636a69337923ad9d4b8c1932aeb27165081c4d07d8b",
    "https://deno.land/x/cliffy@v1.0.0-rc.3/command/completions/completions_command.ts": "506f97f1c6b0b1c3e9956e5069070028b818942310600d4157f64c9b644d3c49",
    "https://deno.land/x/cliffy@v1.0.0-rc.3/command/completions/fish.ts": "6f0b44b4067740b2931c9ec8863b6619b1d3410fea0c5a3988525a4c53059197",
    "https://deno.land/x/cliffy@v1.0.0-rc.3/command/completions/mod.ts": "8dda715ca25f3f66d5ec232b76d7c9a96dd4c64b5029feff91738cc0c9586fb1",
    "https://deno.land/x/cliffy@v1.0.0-rc.3/command/completions/zsh.ts": "f1263c3946975e090d4aadc8681db811d86b52a8ae680f246e03248025885c21",
    "https://deno.land/x/cliffy@v1.0.0-rc.3/command/deprecated.ts": "bbe6670f1d645b773d04b725b8b8e7814c862c9f1afba460c4d599ffe9d4983c",
    "https://deno.land/x/cliffy@v1.0.0-rc.3/command/deps.ts": "7473ebd5625bf901becd7ff80afdde3b8a50ae5d1bbfa2f43805cfacf4559d5a",
    "https://deno.land/x/cliffy@v1.0.0-rc.3/command/help/_help_generator.ts": "532dd4a928baab8b45ce46bb6d20e2ebacfdf3da141ce9d12da796652b1de478",
    "https://deno.land/x/cliffy@v1.0.0-rc.3/command/help/help_command.ts": "fbbf0c0827dd21d3cec7bcc68c00c20b55f53e2b621032891b9d23ac4191231c",
    "https://deno.land/x/cliffy@v1.0.0-rc.3/command/help/mod.ts": "8369b292761dcc9ddaf41f2d34bfb06fb6800b69efe80da4fc9752c3b890275b",
    "https://deno.land/x/cliffy@v1.0.0-rc.3/command/mod.ts": "4b708df1b97152522bee0e3828f06abbbc1d2250168910e5cf454950d7b7404b",
    "https://deno.land/x/cliffy@v1.0.0-rc.3/command/type.ts": "f588f5d9635b79100044e62aced4b00e510e75b83801f9b089c40c2d98674de2",
    "https://deno.land/x/cliffy@v1.0.0-rc.3/command/types.ts": "bc9ff7459b9cc1079eeb95ff101690a51b4b4afa4af5623340076ee361d08dbb",
    "https://deno.land/x/cliffy@v1.0.0-rc.3/command/types/action_list.ts": "33c98d449617c7a563a535c9ceb3741bde9f6363353fd492f90a74570c611c27",
    "https://deno.land/x/cliffy@v1.0.0-rc.3/command/types/boolean.ts": "3879ec16092b4b5b1a0acb8675f8c9250c0b8a972e1e4c7adfba8335bd2263ed",
    "https://deno.land/x/cliffy@v1.0.0-rc.3/command/types/child_command.ts": "f1fca390c7fbfa7a713ca15ef55c2c7656bcbb394d50e8ef54085bdf6dc22559",
    "https://deno.land/x/cliffy@v1.0.0-rc.3/command/types/command.ts": "325d0382e383b725fd8d0ef34ebaeae082c5b76a1f6f2e843fee5dbb1a4fe3ac",
    "https://deno.land/x/cliffy@v1.0.0-rc.3/command/types/enum.ts": "8a7cd2898e03089234083bb78c8b1d9b7172254c53c32d4710321638165a48ec",
    "https://deno.land/x/cliffy@v1.0.0-rc.3/command/types/file.ts": "8618f16ac9015c8589cbd946b3de1988cc4899b90ea251f3325c93c46745140e",
    "https://deno.land/x/cliffy@v1.0.0-rc.3/command/types/integer.ts": "29864725fd48738579d18123d7ee78fed37515e6dc62146c7544c98a82f1778d",
    "https://deno.land/x/cliffy@v1.0.0-rc.3/command/types/number.ts": "aeba96e6f470309317a16b308c82e0e4138a830ec79c9877e4622c682012bc1f",
    "https://deno.land/x/cliffy@v1.0.0-rc.3/command/types/string.ts": "e4dadb08a11795474871c7967beab954593813bb53d9f69ea5f9b734e43dc0e0",
    "https://deno.land/x/cliffy@v1.0.0-rc.3/command/upgrade/_check_version.ts": "6cfa7dc26bc0dc46381500e8d4b130fb224f4c5456152dada15bd3793edca89b",
    "https://deno.land/x/cliffy@v1.0.0-rc.3/command/upgrade/mod.ts": "4eff69c489467be17dea27fb95a795396111ee385d170ac0cbcc82f0ea38156c",
    "https://deno.land/x/cliffy@v1.0.0-rc.3/command/upgrade/provider.ts": "c23253334097dc4b8a147ccdeb3aa44f5a95aa953a6386cb5396f830d95d77a5",
    "https://deno.land/x/cliffy@v1.0.0-rc.3/command/upgrade/provider/deno_land.ts": "24f8d82e38c51e09be989f30f8ad21f9dd41ac1bb1973b443a13883e8ba06d6d",
    "https://deno.land/x/cliffy@v1.0.0-rc.3/command/upgrade/provider/github.ts": "99e1b133dd446c6aa79f69e69c46eb8bc1c968dd331c2a7d4064514a317c7b59",
    "https://deno.land/x/cliffy@v1.0.0-rc.3/command/upgrade/provider/nest_land.ts": "0e07936cea04fa41ac9297f32d87f39152ea873970c54cb5b4934b12fee1885e",
    "https://deno.land/x/cliffy@v1.0.0-rc.3/command/upgrade/upgrade_command.ts": "3640a287d914190241ea1e636774b1b4b0e1828fa75119971dd5304784061e05",
    "https://deno.land/x/cliffy@v1.0.0-rc.3/flags/_errors.ts": "f1fbb6bfa009e7950508c9d491cfb4a5551027d9f453389606adb3f2327d048f",
    "https://deno.land/x/cliffy@v1.0.0-rc.3/flags/_utils.ts": "340d3ecab43cde9489187e1f176504d2c58485df6652d1cdd907c0e9c3ce4cc2",
    "https://deno.land/x/cliffy@v1.0.0-rc.3/flags/_validate_flags.ts": "e60b9038c0136ab7e6bd1baf0e993a07bf23f18afbfb6e12c59adf665a622957",
    "https://deno.land/x/cliffy@v1.0.0-rc.3/flags/deprecated.ts": "a72a35de3cc7314e5ebea605ca23d08385b218ef171c32a3f135fb4318b08126",
    "https://deno.land/x/cliffy@v1.0.0-rc.3/flags/flags.ts": "3e62c4a9756b5705aada29e7e94847001356b3a83cd18ad56f4207387a71cf51",
    "https://deno.land/x/cliffy@v1.0.0-rc.3/flags/types.ts": "9e2f75edff2217d972fc711a21676a59dfd88378da2f1ace440ea84c07db1dcc",
    "https://deno.land/x/cliffy@v1.0.0-rc.3/flags/types/boolean.ts": "4c026dd66ec9c5436860dc6d0241427bdb8d8e07337ad71b33c08193428a2236",
    "https://deno.land/x/cliffy@v1.0.0-rc.3/flags/types/integer.ts": "b60d4d590f309ddddf066782d43e4dc3799f0e7d08e5ede7dc62a5ee94b9a6d9",
    "https://deno.land/x/cliffy@v1.0.0-rc.3/flags/types/number.ts": "610936e2d29de7c8c304b65489a75ebae17b005c6122c24e791fbed12444d51e",
    "https://deno.land/x/cliffy@v1.0.0-rc.3/flags/types/string.ts": "e89b6a5ce322f65a894edecdc48b44956ec246a1d881f03e97bbda90dd8638c5",
    "https://deno.land/x/cliffy@v1.0.0-rc.3/keycode/_key_codes.ts": "917f0a2da0dbace08cf29bcfdaaa2257da9fe7e705fff8867d86ed69dfb08cfe",
    "https://deno.land/x/cliffy@v1.0.0-rc.3/keycode/key_code.ts": "730fa675ca12fc2a99ba718aa8dbebb1f2c89afd47484e30ef3cb705ddfca367",
    "https://deno.land/x/cliffy@v1.0.0-rc.3/prompt/_figures.ts": "e22413ddd51bb271b6b861a058742e83aaa3f62c14e8162cb73ae6f047062f51",
    "https://deno.land/x/cliffy@v1.0.0-rc.3/prompt/_generic_input.ts": "870dad97077582439cee26cb19aec123b4850376331338abdc64a91224733cdc",
    "https://deno.land/x/cliffy@v1.0.0-rc.3/prompt/_generic_list.ts": "8b0bea4521b1e2f62c564e0d3764a63264043694f4228bb0bc0b63ce129ef33b",
    "https://deno.land/x/cliffy@v1.0.0-rc.3/prompt/_generic_prompt.ts": "4c9d9cdeda749620a3f5332524df13d083e2d59b1ed90a003f43cd0991a75a10",
    "https://deno.land/x/cliffy@v1.0.0-rc.3/prompt/_generic_suggestions.ts": "5e6ee1190b4dd5af261ae2ff0196dec7f1988ea9c41c6288cfaece293703002c",
    "https://deno.land/x/cliffy@v1.0.0-rc.3/prompt/_utils.ts": "498ae639d7666599d612b615ee85de9103b3c3a913d5196f6b265072674258c7",
    "https://deno.land/x/cliffy@v1.0.0-rc.3/prompt/checkbox.ts": "9cfd71f1e278d0ef76054be103d956b66995593902c149380d01b1a1647025f3",
    "https://deno.land/x/cliffy@v1.0.0-rc.3/prompt/confirm.ts": "ff892331f6de281079421fe2f57f1d56acb38f28bc48678f87a3fc11ef4a5f7c",
    "https://deno.land/x/cliffy@v1.0.0-rc.3/prompt/deps.ts": "2560142f070bb2668e2e8a74683c799461648b9aad01bbf36b3cad3851d712e6",
    "https://deno.land/x/cliffy@v1.0.0-rc.3/prompt/input.ts": "81821244f895cc4db32c2511c17e21fb48fd7606e300605aeb2a231ab1680544",
    "https://deno.land/x/cliffy@v1.0.0-rc.3/prompt/list.ts": "e5d3e1a6d931b9736d03eec2425fb7b4d2b8d1461a84e210b4787edda414dca4",
    "https://deno.land/x/cliffy@v1.0.0-rc.3/prompt/mod.ts": "f8789193742daf3aba93b543a2ea099383284d60fcccc03567102e28c0d61927",
    "https://deno.land/x/cliffy@v1.0.0-rc.3/prompt/number.ts": "5421bf1b6411a6f02c44da4e867f19e02315450769e0feacab3c1c88cc1b06d6",
    "https://deno.land/x/cliffy@v1.0.0-rc.3/prompt/prompt.ts": "f10e1c8a0c2ca093a485f7f1156342210b27a8cffc96fe0b4cff60007cabab30",
    "https://deno.land/x/cliffy@v1.0.0-rc.3/prompt/secret.ts": "cece271c7ce01e12b249c31c2f9cea9e53b6e6be7621a478dac902bd8f288b61",
    "https://deno.land/x/cliffy@v1.0.0-rc.3/prompt/select.ts": "c10902aeaca02a55d9b846934958dd166ee39c741faebdaa9800689e402186cf",
    "https://deno.land/x/cliffy@v1.0.0-rc.3/prompt/toggle.ts": "028f80de31750e7b5479727a64b4878f090ecd783fe3bb0d286e2e1c29f0eee3",
    "https://deno.land/x/cliffy@v1.0.0-rc.3/table/_layout.ts": "e4a518da28333de95ad791208b9930025987c8b93d5f8b7f30b377b3e26b24e1",
    "https://deno.land/x/cliffy@v1.0.0-rc.3/table/_utils.ts": "fd48d1a524a42e72aa3ad2eec858a92f5a00728d306c7e8436fba6c34314fee6",
    "https://deno.land/x/cliffy@v1.0.0-rc.3/table/border.ts": "5c6e9ef5078c6930169aacb668b274bdbb498461c724a7693ac9270fe9d3f5d5",
    "https://deno.land/x/cliffy@v1.0.0-rc.3/table/cell.ts": "1ffabd43b6b7fddfac9625cb0d015532e144702a9bfed03b358b79375115d06b",
    "https://deno.land/x/cliffy@v1.0.0-rc.3/table/column.ts": "cf14009f2cb14bad156f879946186c1893acdc6a2fee6845db152edddb6a2714",
    "https://deno.land/x/cliffy@v1.0.0-rc.3/table/consume_words.ts": "456e75755fdf6966abdefb8b783df2855e2a8bad6ddbdf21bd748547c5fc1d4b",
    "https://deno.land/x/cliffy@v1.0.0-rc.3/table/deps.ts": "1226c4d39d53edc81d7c3e661fb8a79f2e704937c276c60355cd4947a0fe9153",
    "https://deno.land/x/cliffy@v1.0.0-rc.3/table/mod.ts": "40f148428acbfffa270f7077c403b3893797d9e454a74ccb41a8434367351326",
    "https://deno.land/x/cliffy@v1.0.0-rc.3/table/row.ts": "79eb1468aafdd951e5963898cdafe0752d4ab4c519d5f847f3d8ecb8fe857d4f",
    "https://deno.land/x/cliffy@v1.0.0-rc.3/table/table.ts": "298671e72e61f1ab18b42ae36643181993f79e29b39dc411fdc6ffd53aa04684",
    "https://deno.land/x/dir@1.5.2/cache_dir/mod.ts": "8a82889db79c547fbbd3536c9c964047657b19fb59365c5fa59afc46082f9fe5",
    "https://deno.land/x/dir@1.5.2/config_dir/mod.ts": "d16ca6f949c3e42ed23f942261d2482f340dd6c73542740f57c89abeaa83ea3f",
    "https://deno.land/x/dir@1.5.2/data_dir/mod.ts": "7d17c6d9e775974245e0456c8f83f751c41c792c06020d12ca1ca69a0ce4e671",
    "https://deno.land/x/dir@1.5.2/data_local_dir/mod.ts": "91eb1c4bfadfbeda30171007bac6d85aadacd43224a5ed721bbe56bc64e9eb66",
    "https://deno.land/x/dir@1.5.2/download_dir/mod.ts": "5e7e57b5b680f3117e635b4d05622edc276670d9d7cd43ee6626807f8b372770",
    "https://deno.land/x/dir@1.5.2/home_dir/mod.ts": "6128b52da60124f78a4fc176cd4687a073e9b0331803dd602dfb685fa4fe4ae1",
    "https://deno.land/x/dir@1.5.2/mod.ts": "95e1519b7b629c995025652342b36fbf64a6a9a0bd7822b0c4573a22f42f0529",
    "https://deno.land/x/dir@1.5.2/tmp_dir/mod.ts": "c89c792d454fa1e3b2882f34faa87e9b92fc2866118b348d9984d68d33773c58",
    "https://deno.land/x/docker_names@v1.1.0/adjectives.ts": "bb774e14f9217d9b247eff73427925006809cf11fb79023b0f349abadfd162bb",
    "https://deno.land/x/docker_names@v1.1.0/generator.ts": "bf92ca7538de84646f98ad8b989db0abe35cfd7ca5257ca1f5d498f9e6758394",
    "https://deno.land/x/docker_names@v1.1.0/mod.ts": "196aefa58be04be1e7c6e9cba1d48db77534d1c7e0c74cb044cb9414932f68ef",
    "https://deno.land/x/docker_names@v1.1.0/personalities.ts": "20c5a965cee41929bf2f019cba6d460530d6346f7d9ee8de829e6e9e600d00df",
    "https://deno.land/x/docker_names@v1.1.0/rand.ts": "1418683fa1af75aecb3df55aa34d24cc0828f01cd9bf4a28539fefc85d36ceea",
    "https://deno.land/x/is_what@v4.1.15/src/index.ts": "e55b975d532b71a0e32501ada85ae3c67993b75dc1047c6d1a2e00368b789af0",
    "https://deno.land/x/libpkgx@v0.18/mod.ts": "14a69905ffad8064444c02d146008efeb6a0ddf0fe543483839af18e01684f5a",
    "https://deno.land/x/libpkgx@v0.18/src/deps.ts": "4315cdd8b0c9eef84e30f73080b8838fb5fcece1ef28f0cc3ae2b6d7ad21eb43",
    "https://deno.land/x/libpkgx@v0.18/src/hooks/useCache.ts": "9f3cc576fabae2caa6aedbf00ab12a59c732be1315471e5a475fef496c1e35ae",
    "https://deno.land/x/libpkgx@v0.18/src/hooks/useCellar.ts": "c1e264fcb732423734f8c113fc7cb80c97befe8f13ed9d24906328bc5526c72d",
    "https://deno.land/x/libpkgx@v0.18/src/hooks/useConfig.ts": "c29d8f9c6dc7b5289c485b3ff37a6e0f04d9a51031813e892015e69afc512a64",
    "https://deno.land/x/libpkgx@v0.18/src/hooks/useDownload.ts": "62b2043fcbc06a0925eb06fc5ed5f2f2ef3779e8ce10bc44b0163e9bd9b8cbc0",
    "https://deno.land/x/libpkgx@v0.18/src/hooks/useFetch.ts": "ecf29342210b8eceed216e3bb73fcc7ea5b3ea5059686cf344ed190ca42ff682",
    "https://deno.land/x/libpkgx@v0.18/src/hooks/useInventory.ts": "0f47a71f51f752e53e2e32786e68375a314f6fc6bb225cd626a412a83086ebbd",
    "https://deno.land/x/libpkgx@v0.18/src/hooks/useMoustaches.ts": "e9166ddace759315782be0f570a4cd63c78e3b85592d59b75ddd33a0e401aa6b",
    "https://deno.land/x/libpkgx@v0.18/src/hooks/useOffLicense.ts": "9a7a35bd83a8dbb5a25d532e2ab885b5fb77101cc38fad10c5f3ea6a49a24e02",
    "https://deno.land/x/libpkgx@v0.18/src/hooks/usePantry.ts": "0796cde2c4fca6d3790303af5299a1ac4d83478c0e28465f0820e0e47a703836",
    "https://deno.land/x/libpkgx@v0.18/src/hooks/useShellEnv.ts": "14d29f23b8e256590318cfd5fb840955038429c4cac8f71dfbf8deb46b7d88ec",
    "https://deno.land/x/libpkgx@v0.18/src/hooks/useSync.ts": "591fd302dc3b8bf04a835ea2b8ed5e4558c4ba50a1f52df714e9f84a66acaf27",
    "https://deno.land/x/libpkgx@v0.18/src/hooks/useSyncCache.ts": "d8cb23f2d9cd6a1baba46a94633be41d3559bdff7f3232e791b752f701ad4257",
    "https://deno.land/x/libpkgx@v0.18/src/plumbing/hydrate.ts": "c75f151ed307532ce9c2bf62c61e6478bb1132f95a11b848e02ea2dec08c2ff3",
    "https://deno.land/x/libpkgx@v0.18/src/plumbing/install.ts": "19244fb150e80a0bbbed90e4a3f47e2c5aa3e0919ff060cec1db0b789730b560",
    "https://deno.land/x/libpkgx@v0.18/src/plumbing/link.ts": "acb98bf014414208f14c5f57fa36e2aa66ae9bee69d763120c3ddb656e244063",
    "https://deno.land/x/libpkgx@v0.18/src/plumbing/resolve.ts": "9425e0d201ee440a8dc011940046f0bb6d94aa29cd738e1a8c39ca86e55aad41",
    "https://deno.land/x/libpkgx@v0.18/src/plumbing/which.ts": "f918211e561e56aabf6909e06fa10fa3be06ffebd9e7cc28ce57efef4faff27d",
    "https://deno.land/x/libpkgx@v0.18/src/porcelain/install.ts": "6e41d94226b8eb33a9fbb591e5ddd95e2c5e0c2449cc617ac5f365746d1e4592",
    "https://deno.land/x/libpkgx@v0.18/src/porcelain/run.ts": "20c60bebeca51daf12d9e5baefe8670844162308734f8a189a1f484c4155d671",
    "https://deno.land/x/libpkgx@v0.18/src/types.ts": "dc1a4e6458d11454282f832909838c56f786a26eed54fb8ab5675d6691ebf534",
    "https://deno.land/x/libpkgx@v0.18/src/utils/Path.ts": "72bbb8afa6a40e3cfbf01d4d9069e0818e7abaf0021703a20b0677f06c01e883",
    "https://deno.land/x/libpkgx@v0.18/src/utils/error.ts": "b0d3130f5cdfc0cc8ea10f93fea0e7e97d4473ddc9bc527156b0fcf24c7b939c",
    "https://deno.land/x/libpkgx@v0.18/src/utils/flock.deno.ts": "c57b32f656d06140e58886973beec20661f1d0809bf652376acc64969b85942a",
    "https://deno.land/x/libpkgx@v0.18/src/utils/host.ts": "3b9e0d4cb05f9bde0ee8bcb0f8557b0a339f6ef56dfb1f08b2cfa63b44db91ee",
    "https://deno.land/x/libpkgx@v0.18/src/utils/misc.ts": "a4d7944da07066e5dd2ef289af436dc7f1032aed4272811e9b19ceeed60b8491",
    "https://deno.land/x/libpkgx@v0.18/src/utils/pkg.ts": "e737cc9a98cd6a2797668c6ef856128692290256a521cc3906bd538410925451",
    "https://deno.land/x/libpkgx@v0.18/src/utils/semver.ts": "eec31f4345ea483eac7e0fbfdcc0061499077df03c4b6ec7666cd0d29c6cab98",
    "https://deno.land/x/libpkgx@v0.18/vendor/sqlite3@0.10.0/mod.ts": "7ce0a19f9cea3475cc94750ece61c20d857f1c3a279ad38cd029a3f8d9b7b03e",
    "https://deno.land/x/libpkgx@v0.18/vendor/sqlite3@0.10.0/src/constants.ts": "85fd27aa6e199093f25f5f437052e16fd0e0870b96ca9b24a98e04ddc8b7d006",
    "https://deno.land/x/libpkgx@v0.18/vendor/sqlite3@0.10.0/src/database.ts": "902fe762776cacf049ac0d175a15f6fecf2e93be464f31e3bca4ff302a7a5aee",
    "https://deno.land/x/libpkgx@v0.18/vendor/sqlite3@0.10.0/src/ffi.ts": "a3ba0fb636301d6d2c6b6998ce82239b66be59fae7cb1a9859e2e3aaf0582159",
    "https://deno.land/x/libpkgx@v0.18/vendor/sqlite3@0.10.0/src/statement.ts": "65d01d6824dac78c44a795657cb0fc3d3ddcd5f32c64e0a3284fcadaa5b092b2",
    "https://deno.land/x/libpkgx@v0.18/vendor/sqlite3@0.10.0/src/util.ts": "49a936fd7c0483c4baca9d7d7442351931888010af2f4b8de6e95eee29788f98",
    "https://deno.land/x/logger@v1.1.3/date.ts": "09041dc83c9cddb489b875f45b07336dd894c23b9dd5b47235b94180571a2efa",
    "https://deno.land/x/logger@v1.1.3/deps.ts": "1b09212250f8023edd69efb798874ca19bf90c4ed7cdcc1a292dc16c5bb2cf6d",
    "https://deno.land/x/logger@v1.1.3/eol.ts": "493acd048c546fd48bcd26365d4dadf3db81ce32c4611ca5b0b19e6de9f9826a",
    "https://deno.land/x/logger@v1.1.3/fs.ts": "7d1c7261e9f15d25c6c09df43169a4665bd9da7e2413534aa294f4b184f3fa4e",
    "https://deno.land/x/logger@v1.1.3/interface.ts": "7bca0b861b894e914508aab1afdd7e42e598695a50a3efe9db54be8ba4ab3b0e",
    "https://deno.land/x/logger@v1.1.3/logger.ts": "fc7a84305b4b8e711b5d7d51ab3cef796900effffd3e85c730291aa339efbb98",
    "https://deno.land/x/logger@v1.1.3/stdout.ts": "364b6ca8c016c9e67d457d12aa028a448e4b8af7a78965e42de824fb969a9ccb",
    "https://deno.land/x/logger@v1.1.3/types.ts": "8835d0d56f500112f92b36d8f241f95bccef93f73de203f7cd86de3ab4383d80",
    "https://deno.land/x/logger@v1.1.3/writable.ts": "bb60ba4a798a10ac1649e30598c0c346055c0dcacb8f1e9452e4f66ea6680a45",
    "https://deno.land/x/logger@v1.1.3/writer.ts": "539ff3a1bdefef897ca1d13d387ee4d84d6491f460020454e9158076f5e09221",
    "https://deno.land/x/outdent@v0.8.0/mod.ts": "72630e680dcc36d5ae556fbff6900b12706c81a6fd592345fc98bcc0878fb3ca",
    "https://deno.land/x/outdent@v0.8.0/src/index.ts": "6dc3df4108d5d6fedcdb974844d321037ca81eaaa16be6073235ff3268841a22",
    "https://deno.land/x/spinners@v1.1.2/mod.ts": "ed5b3562d4ea6c6887bc7e9844612b08a3bc3a3678ca77cc7dfdf461c362751e",
    "https://deno.land/x/spinners@v1.1.2/spinner-types.ts": "c67e6962a0c738aa57b4d3ad9fe06c8c0131f93360acbf95456f2ba200fd8826",
    "https://deno.land/x/spinners@v1.1.2/terminal-spinner.ts": "1cf0c38a423781734e2e538323c1992027830d741e90f0b81f532e5bc993d035",
    "https://deno.land/x/spinners@v1.1.2/util.ts": "7083203bedbda2e6144a14a7dd093747a7a01e73d95637c888bae8ac22a1c58b",
    "https://deno.land/x/zip@v1.2.5/compress.ts": "43d9f4440960d15a85aec58f5d365acc25530d3d4186b2f5f896c090ecac20e8",
    "https://deno.land/x/zip@v1.2.5/decompress.ts": "0bce3d453726f686274fab3f6c19b72b5e74223a00d89c176b1de49a5dd5528d",
    "https://deno.land/x/zip@v1.2.5/deps.ts": "79548387594b3ae1efaaa870b5a507c4d6bedede13dbd5d4ad42f6cda0aeef86",
    "https://deno.land/x/zip@v1.2.5/mod.ts": "28eecbc3e1e5adf564f4aa465e64268713a05653104bacdcb04561533f8caf57",
    "https://deno.land/x/zip@v1.2.5/utils.ts": "43c323f2b79f9db1976c5739bbb1f9cced20e8077ca7e7e703f9d01d4330bd9d"
  }
}
